
Microsoft Visual Studio Solution File, Format Version 12.00
# Visual Studio 2012
Project("{FAE04EC0-301F-11D3-BF4B-00C04F79EFBC}") = "多线程处理", "多线程处理\多线程处理.csproj", "{FBDAE0C4-2E70-4682-81AD-39823145DDB1}"
EndProject
Global
	GlobalSection(SolutionConfigurationPlatforms) = preSolution
		Debug|Any CPU = Debug|Any CPU
		Release|Any CPU = Release|Any CPU
	EndGlobalSection
	GlobalSection(ProjectConfigurationPlatforms) = postSolution
		{FBDAE0C4-2E70-4682-81AD-39823145DDB1}.Debug|Any CPU.ActiveCfg = Debug|Any CPU
		{FBDAE0C4-2E70-4682-81AD-39823145DDB1}.Debug|Any CPU.Build.0 = Debug|Any CPU
		{FBDAE0C4-2E70-4682-81AD-39823145DDB1}.Release|Any CPU.ActiveCfg = Release|Any CPU
		{FBDAE0C4-2E70-4682-81AD-39823145DDB1}.Release|Any CPU.Build.0 = Release|Any CPU
	EndGlobalSection
	GlobalSection(SolutionProperties) = preSolution
		HideSolutionNode = FALSE
	EndGlobalSection
EndGlobal
